PackratFormat: 1.4
PackratVersion: 0.4.2.1
RVersion: 3.1.2
Repos: CRAN=http://rweb.quant.ku.edu/cran

Package: BH
Source: CRAN
Version: 1.54.0-5
Hash: f6ec6d403596536b115f39d38204d571

Package: DBI
Source: CRAN
Version: 0.3.1
Hash: 3a9e85b26ec3ab570266bccb3f9de055

Package: R6
Source: CRAN
Version: 2.0.1
Hash: 9a3ac4e5fd8059af0fc5156bcb019bbc

Package: RSQLite
Source: CRAN
Version: 1.0.0
Hash: 6ec4dc154e68485971a5baf3817e61a8
Requires: DBI

Package: Rcpp
Source: CRAN
Version: 0.11.3
Hash: d9cc0a13885961b2d004cf73b0fb68dd

Package: assertthat
Source: CRAN
Version: 0.1
Hash: 4b419cfdc33a3019a7f3c6f0cdea6c38

Package: chron
Source: CRAN
Version: 2.3-45
Hash: 65cf73bf43c26a4578bb251499de38cd

Package: digest
Source: CRAN
Version: 0.6.8
Hash: 89dc4c8734dad5322bb3c5c2af09056f

Package: dplyr
Source: CRAN
Version: 0.3.0.2
Hash: fe299bd0940517ea4374227a73b85c6b
Requires: BH, DBI, R6, Rcpp, assertthat, lazyeval, magrittr

Package: gsubfn
Source: CRAN
Version: 0.6-6
Hash: 26f140ea7ec8e58786156794ec1a65a5
Requires: proto

Package: lazyeval
Source: CRAN
Version: 0.1.9
Hash: 2953778d951973e2889641c06275ecf3

Package: lubridate
Source: CRAN
Version: 1.3.3
Hash: f19612b23b1b15febdf30ee920a6e7df
Requires: memoise, plyr, stringr

Package: magrittr
Source: CRAN
Version: 1.5
Hash: 38d492cf072bc9f3c73bda2aee3d0e23

Package: memoise
Source: CRAN
Version: 0.2.1
Hash: fc52fa39dfd216c44d64812ff31b1c67
Requires: digest

Package: packrat
Source: CRAN
Version: 0.4.2-1
Hash: 085f944cec9b56e8a280222b5174c76e

Package: plyr
Source: CRAN
Version: 1.8.1
Hash: 6a287219196e18bc6261dc11b41b1ca0
Requires: Rcpp

Package: proto
Source: CRAN
Version: 0.3-10
Hash: 668a9e87cedbdc5f56c396edf1bd2648

Package: sqldf
Source: CRAN
Version: 0.4-10
Hash: 8228ef8f794dd874efee9916190eca26
Requires: DBI, RSQLite, chron, gsubfn, proto

Package: stringr
Source: CRAN
Version: 0.6.2
Hash: cdde0cfa0f52cffeaca23a11a3899779
